{
  "nodes": {
    "flakeNimbleLib": {
      "inputs": {
        "nixpkgs": [
          "nixpkgs"
        ]
      },
      "locked": {
        "lastModified": 1662018438,
        "narHash": "sha256-QtNtU6+LX3Wokxf0zlFwKTFOcn6TeDjKQZ+DA9OYtvM=",
        "owner": "riinr",
        "repo": "nim-flakes-lib",
        "rev": "b1fe8340736e3a85d25c709ac3dfd82a55c03cbf",
        "type": "github"
      },
      "original": {
        "owner": "riinr",
        "ref": "master",
        "repo": "nim-flakes-lib",
        "type": "github"
      }
    },
    "nixpkgs": {
      "locked": {
        "lastModified": 1667199707,
        "narHash": "sha256-I2Js3Y7gUyVSEXPULHlBoRek4Lh85vnevdS6mdvDNLI=",
        "owner": "NixOS",
        "repo": "nixpkgs",
        "rev": "ced197be72099edcfa68ebed8b87af7b04851f45",
        "type": "github"
      },
      "original": {
        "id": "nixpkgs",
        "type": "indirect"
      }
    },
    "root": {
      "inputs": {
        "flakeNimbleLib": "flakeNimbleLib",
        "nixpkgs": "nixpkgs",
        "sling-master": "sling-master"
      }
    },
    "sling-master": {
      "inputs": {
        "flakeNimbleLib": [
          "flakeNimbleLib"
        ],
        "nixpkgs": [
          "nixpkgs"
        ],
        "src-sling-master": "src-sling-master"
      },
      "locked": {
        "dir": "master",
        "lastModified": 1667322681,
        "narHash": "sha256-tGUr9a9mhyP2JvdWhDUTIsZwo2uw13moL3sBctSbp2A=",
        "owner": "nim-nix-pkgs",
        "repo": "sling",
        "rev": "f5c61e761cd2964454da742c509b9fd0c0d02fcd",
        "type": "github"
      },
      "original": {
        "dir": "master",
        "owner": "nim-nix-pkgs",
        "ref": "master",
        "repo": "sling",
        "type": "github"
      }
    },
    "src-sling-master": {
      "flake": false,
      "locked": {
        "lastModified": 1457325558,
        "narHash": "sha256-x/eMxOMRb9BvzcwHKEIpL2RsEGSrxYBklErUmSlSB08=",
        "owner": "Druage",
        "repo": "sling",
        "rev": "d73bed23a55755b562576d4a8e86f3700409e3cf",
        "type": "github"
      },
      "original": {
        "owner": "Druage",
        "ref": "refs/heads/master",
        "repo": "sling",
        "type": "github"
      }
    }
  },
  "root": "root",
  "version": 7
}
