{
  "nodes": {
    "flakeNimbleLib": {
      "inputs": {
        "nixpkgs": [
          "nixpkgs"
        ]
      },
      "locked": {
        "lastModified": 1662018438,
        "narHash": "sha256-QtNtU6+LX3Wokxf0zlFwKTFOcn6TeDjKQZ+DA9OYtvM=",
        "owner": "riinr",
        "repo": "nim-flakes-lib",
        "rev": "b1fe8340736e3a85d25c709ac3dfd82a55c03cbf",
        "type": "github"
      },
      "original": {
        "owner": "riinr",
        "ref": "master",
        "repo": "nim-flakes-lib",
        "type": "github"
      }
    },
    "nixpkgs": {
      "locked": {
        "lastModified": 1667110639,
        "narHash": "sha256-4FbPESZ5LbqQxkJJJBAfk/zKgF9h/4kyUwjjpJwYlbc=",
        "owner": "NixOS",
        "repo": "nixpkgs",
        "rev": "f38a1f04d1bec1feb61fd101a0539ae2002a7087",
        "type": "github"
      },
      "original": {
        "id": "nixpkgs",
        "type": "indirect"
      }
    },
    "root": {
      "inputs": {
        "flakeNimbleLib": "flakeNimbleLib",
        "nixpkgs": "nixpkgs",
        "sling-master": "sling-master"
      }
    },
    "sling-master": {
      "inputs": {
        "flakeNimbleLib": [
          "flakeNimbleLib"
        ],
        "nixpkgs": [
          "nixpkgs"
        ],
        "src-sling-master": "src-sling-master"
      },
      "locked": {
        "dir": "master",
        "lastModified": 1662254832,
        "narHash": "sha256-ZX6nS1eEmi8T3AT8C2UJMODc4Mtz62hLKarBmsZOd0U=",
        "owner": "nim-nix-pkgs",
        "repo": "sling",
        "rev": "3bd189c9dcbfbb4c62b34a42f86273bb7c0825c5",
        "type": "github"
      },
      "original": {
        "dir": "master",
        "owner": "nim-nix-pkgs",
        "ref": "master",
        "repo": "sling",
        "type": "github"
      }
    },
    "src-sling-master": {
      "flake": false,
      "locked": {
        "lastModified": 1457325558,
        "narHash": "sha256-x/eMxOMRb9BvzcwHKEIpL2RsEGSrxYBklErUmSlSB08=",
        "owner": "Druage",
        "repo": "sling",
        "rev": "d73bed23a55755b562576d4a8e86f3700409e3cf",
        "type": "github"
      },
      "original": {
        "owner": "Druage",
        "ref": "refs/heads/master",
        "repo": "sling",
        "type": "github"
      }
    }
  },
  "root": "root",
  "version": 7
}
